
Microsoft Visual Studio Solution File, Format Version 12.00
# Visual Studio Version 17
VisualStudioVersion = 17.1.32421.90
MinimumVisualStudioVersion = 10.0.40219.1
Project("{9A19103F-16F7-4668-BE54-9A1E7A4F7556}") = "ElectricityConsumption.Server", "ElectricityConsumption.Server\ElectricityConsumption.Server.csproj", "{0DD5071C-26BC-4AAB-8F6E-31A4D1CFFC50}"
EndProject
Project("{9A19103F-16F7-4668-BE54-9A1E7A4F7556}") = "ElectricityConsumption.Server.Core", "ElectricityConsumption.Server.Core\ElectricityConsumption.Server.Core.csproj", "{52DEEEA5-E8C8-4E7F-A6A9-83476268F4BD}"
EndProject
Project("{9A19103F-16F7-4668-BE54-9A1E7A4F7556}") = "ElectricityConsumption.Server.Infrastructure", "ElectricityConsumption.Server.Infrastructure\ElectricityConsumption.Server.Infrastructure.csproj", "{DAD20C13-CD54-4BAF-AA29-B3BAA7A0397C}"
EndProject
Project("{2150E333-8FDC-42A3-9474-1A3956D46DE8}") = "Solution Items", "Solution Items", "{5B5E17FD-1E20-4332-AFA5-62A5F12B0B79}"
	ProjectSection(SolutionItems) = preProject
		.editorconfig = .editorconfig
	EndProjectSection
EndProject
Project("{2150E333-8FDC-42A3-9474-1A3956D46DE8}") = "Tests", "Tests", "{6231A953-6150-4491-B741-4F2D645EBF52}"
EndProject
Project("{FAE04EC0-301F-11D3-BF4B-00C04F79EFBC}") = "ElectricityConsumption.Server.UnitTests", "Tests\ElectricityConsumption.Server.UnitTests\ElectricityConsumption.Server.UnitTests.csproj", "{5BF5599B-0EAD-40F8-8B93-4EF47DC2D712}"
EndProject
Global
	GlobalSection(SolutionConfigurationPlatforms) = preSolution
		Debug|Any CPU = Debug|Any CPU
		Release|Any CPU = Release|Any CPU
	EndGlobalSection
	GlobalSection(ProjectConfigurationPlatforms) = postSolution
		{0DD5071C-26BC-4AAB-8F6E-31A4D1CFFC50}.Debug|Any CPU.ActiveCfg = Debug|Any CPU
		{0DD5071C-26BC-4AAB-8F6E-31A4D1CFFC50}.Debug|Any CPU.Build.0 = Debug|Any CPU
		{0DD5071C-26BC-4AAB-8F6E-31A4D1CFFC50}.Release|Any CPU.ActiveCfg = Release|Any CPU
		{0DD5071C-26BC-4AAB-8F6E-31A4D1CFFC50}.Release|Any CPU.Build.0 = Release|Any CPU
		{52DEEEA5-E8C8-4E7F-A6A9-83476268F4BD}.Debug|Any CPU.ActiveCfg = Debug|Any CPU
		{52DEEEA5-E8C8-4E7F-A6A9-83476268F4BD}.Debug|Any CPU.Build.0 = Debug|Any CPU
		{52DEEEA5-E8C8-4E7F-A6A9-83476268F4BD}.Release|Any CPU.ActiveCfg = Release|Any CPU
		{52DEEEA5-E8C8-4E7F-A6A9-83476268F4BD}.Release|Any CPU.Build.0 = Release|Any CPU
		{DAD20C13-CD54-4BAF-AA29-B3BAA7A0397C}.Debug|Any CPU.ActiveCfg = Debug|Any CPU
		{DAD20C13-CD54-4BAF-AA29-B3BAA7A0397C}.Debug|Any CPU.Build.0 = Debug|Any CPU
		{DAD20C13-CD54-4BAF-AA29-B3BAA7A0397C}.Release|Any CPU.ActiveCfg = Release|Any CPU
		{DAD20C13-CD54-4BAF-AA29-B3BAA7A0397C}.Release|Any CPU.Build.0 = Release|Any CPU
		{5BF5599B-0EAD-40F8-8B93-4EF47DC2D712}.Debug|Any CPU.ActiveCfg = Debug|Any CPU
		{5BF5599B-0EAD-40F8-8B93-4EF47DC2D712}.Debug|Any CPU.Build.0 = Debug|Any CPU
		{5BF5599B-0EAD-40F8-8B93-4EF47DC2D712}.Release|Any CPU.ActiveCfg = Release|Any CPU
		{5BF5599B-0EAD-40F8-8B93-4EF47DC2D712}.Release|Any CPU.Build.0 = Release|Any CPU
	EndGlobalSection
	GlobalSection(SolutionProperties) = preSolution
		HideSolutionNode = FALSE
	EndGlobalSection
	GlobalSection(NestedProjects) = preSolution
		{5BF5599B-0EAD-40F8-8B93-4EF47DC2D712} = {6231A953-6150-4491-B741-4F2D645EBF52}
	EndGlobalSection
	GlobalSection(ExtensibilityGlobals) = postSolution
		SolutionGuid = {15B4BC63-D0B2-4622-863E-4BA6112CACE4}
	EndGlobalSection
EndGlobal
